
Microsoft Visual Studio Solution File, Format Version 12.00
# Visual Studio Version 17
VisualStudioVersion = 17.9.34701.34
MinimumVisualStudioVersion = 10.0.40219.1
Project("{FAE04EC0-301F-11D3-BF4B-00C04F79EFBC}") = "LogAPI", "LogAPI.csproj", "{0A271944-6A6A-467B-B686-1BC7228FEA4F}"
EndProject
Global
	GlobalSection(SolutionConfigurationPlatforms) = preSolution
		Debug|Any CPU = Debug|Any CPU
		Release|Any CPU = Release|Any CPU
	EndGlobalSection
	GlobalSection(ProjectConfigurationPlatforms) = postSolution
		{0A271944-6A6A-467B-B686-1BC7228FEA4F}.Debug|Any CPU.ActiveCfg = Debug|Any CPU
		{0A271944-6A6A-467B-B686-1BC7228FEA4F}.Debug|Any CPU.Build.0 = Debug|Any CPU
		{0A271944-6A6A-467B-B686-1BC7228FEA4F}.Release|Any CPU.ActiveCfg = Release|Any CPU
		{0A271944-6A6A-467B-B686-1BC7228FEA4F}.Release|Any CPU.Build.0 = Release|Any CPU
	EndGlobalSection
	GlobalSection(SolutionProperties) = preSolution
		HideSolutionNode = FALSE
	EndGlobalSection
	GlobalSection(ExtensibilityGlobals) = postSolution
		SolutionGuid = {1C3028F0-2860-4811-8EA9-337AA4FA9D6E}
	EndGlobalSection
EndGlobal
